
Microsoft Visual Studio Solution File, Format Version 12.00
# Visual Studio 15
VisualStudioVersion = 15.0.28307.1500
MinimumVisualStudioVersion = 10.0.40219.1
Project("{FAE04EC0-301F-11D3-BF4B-00C04F79EFBC}") = "customer_tracking_app", "customer_tracking_app\customer_tracking_app.csproj", "{EDC6661D-9B0D-485F-A701-85D5C24A1466}"
EndProject
Project("{54435603-DBB4-11D2-8724-00A0C9A8B90C}") = "Müşteri Takip", "Müşteri Takip\Müşteri Takip.vdproj", "{A0E92162-7FD6-4503-AC48-24115634FC27}"
EndProject
Global
	GlobalSection(SolutionConfigurationPlatforms) = preSolution
		Debug|Any CPU = Debug|Any CPU
		Release|Any CPU = Release|Any CPU
	EndGlobalSection
	GlobalSection(ProjectConfigurationPlatforms) = postSolution
		{EDC6661D-9B0D-485F-A701-85D5C24A1466}.Debug|Any CPU.ActiveCfg = Debug|Any CPU
		{EDC6661D-9B0D-485F-A701-85D5C24A1466}.Debug|Any CPU.Build.0 = Debug|Any CPU
		{EDC6661D-9B0D-485F-A701-85D5C24A1466}.Release|Any CPU.ActiveCfg = Release|Any CPU
		{EDC6661D-9B0D-485F-A701-85D5C24A1466}.Release|Any CPU.Build.0 = Release|Any CPU
		{A0E92162-7FD6-4503-AC48-24115634FC27}.Debug|Any CPU.ActiveCfg = Debug
		{A0E92162-7FD6-4503-AC48-24115634FC27}.Release|Any CPU.ActiveCfg = Release
	EndGlobalSection
	GlobalSection(SolutionProperties) = preSolution
		HideSolutionNode = FALSE
	EndGlobalSection
	GlobalSection(ExtensibilityGlobals) = postSolution
		SolutionGuid = {194BC531-4BB4-4F76-96A4-B333865EB98D}
	EndGlobalSection
EndGlobal
